
Microsoft Visual Studio Solution File, Format Version 12.00
# Visual Studio 2012
Project("{FAE04EC0-301F-11D3-BF4B-00C04F79EFBC}") = "Programacion02Clase09", "Programacion02Clase09\Programacion02Clase09.csproj", "{0BA1668E-F8BB-48AC-8582-D874D65EB5D0}"
EndProject
Global
	GlobalSection(SolutionConfigurationPlatforms) = preSolution
		Debug|Any CPU = Debug|Any CPU
		Release|Any CPU = Release|Any CPU
	EndGlobalSection
	GlobalSection(ProjectConfigurationPlatforms) = postSolution
		{0BA1668E-F8BB-48AC-8582-D874D65EB5D0}.Debug|Any CPU.ActiveCfg = Debug|Any CPU
		{0BA1668E-F8BB-48AC-8582-D874D65EB5D0}.Debug|Any CPU.Build.0 = Debug|Any CPU
		{0BA1668E-F8BB-48AC-8582-D874D65EB5D0}.Release|Any CPU.ActiveCfg = Release|Any CPU
		{0BA1668E-F8BB-48AC-8582-D874D65EB5D0}.Release|Any CPU.Build.0 = Release|Any CPU
	EndGlobalSection
	GlobalSection(SolutionProperties) = preSolution
		HideSolutionNode = FALSE
	EndGlobalSection
EndGlobal
